
Microsoft Visual Studio Solution File, Format Version 12.00
# Visual Studio Version 17
VisualStudioVersion = 17.8.34316.72
MinimumVisualStudioVersion = 10.0.40219.1
Project("{9A19103F-16F7-4668-BE54-9A1E7A4F7556}") = "test_infoplus", "test_infoplus\test_infoplus.csproj", "{B4671ED7-1F15-4F06-B189-6B0D7F6A28DB}"
EndProject
Project("{9A19103F-16F7-4668-BE54-9A1E7A4F7556}") = "BussinesLogicLayer", "BussinesLogicLayer\BussinesLogicLayer.csproj", "{DC444313-F75B-4B4E-ADAD-4463B9EDB5E9}"
EndProject
Project("{FAE04EC0-301F-11D3-BF4B-00C04F79EFBC}") = "DataAccessLayer", "DataAccessLayer\DataAccessLayer.csproj", "{D3F110BA-8006-4B9B-A923-20C7C1D87221}"
EndProject
Global
	GlobalSection(SolutionConfigurationPlatforms) = preSolution
		Debug|Any CPU = Debug|Any CPU
		Release|Any CPU = Release|Any CPU
	EndGlobalSection
	GlobalSection(ProjectConfigurationPlatforms) = postSolution
		{B4671ED7-1F15-4F06-B189-6B0D7F6A28DB}.Debug|Any CPU.ActiveCfg = Debug|Any CPU
		{B4671ED7-1F15-4F06-B189-6B0D7F6A28DB}.Debug|Any CPU.Build.0 = Debug|Any CPU
		{B4671ED7-1F15-4F06-B189-6B0D7F6A28DB}.Release|Any CPU.ActiveCfg = Release|Any CPU
		{B4671ED7-1F15-4F06-B189-6B0D7F6A28DB}.Release|Any CPU.Build.0 = Release|Any CPU
		{DC444313-F75B-4B4E-ADAD-4463B9EDB5E9}.Debug|Any CPU.ActiveCfg = Debug|Any CPU
		{DC444313-F75B-4B4E-ADAD-4463B9EDB5E9}.Debug|Any CPU.Build.0 = Debug|Any CPU
		{DC444313-F75B-4B4E-ADAD-4463B9EDB5E9}.Release|Any CPU.ActiveCfg = Release|Any CPU
		{DC444313-F75B-4B4E-ADAD-4463B9EDB5E9}.Release|Any CPU.Build.0 = Release|Any CPU
		{D3F110BA-8006-4B9B-A923-20C7C1D87221}.Debug|Any CPU.ActiveCfg = Debug|Any CPU
		{D3F110BA-8006-4B9B-A923-20C7C1D87221}.Debug|Any CPU.Build.0 = Debug|Any CPU
		{D3F110BA-8006-4B9B-A923-20C7C1D87221}.Release|Any CPU.ActiveCfg = Release|Any CPU
		{D3F110BA-8006-4B9B-A923-20C7C1D87221}.Release|Any CPU.Build.0 = Release|Any CPU
	EndGlobalSection
	GlobalSection(SolutionProperties) = preSolution
		HideSolutionNode = FALSE
	EndGlobalSection
	GlobalSection(ExtensibilityGlobals) = postSolution
		SolutionGuid = {4156D265-D28C-4ED6-A71C-D28E6E114CBD}
	EndGlobalSection
EndGlobal
